
Microsoft Visual Studio Solution File, Format Version 12.00
# Visual Studio Version 16
VisualStudioVersion = 16.0.31019.35
MinimumVisualStudioVersion = 10.0.40219.1
Project("{FAE04EC0-301F-11D3-BF4B-00C04F79EFBC}") = "gRPC-Web.Service", "gRPC-Web.Service\gRPC-Web.Service.csproj", "{C7D28DB5-234A-4FD8-8D84-72ED32C936BA}"
EndProject
Global
	GlobalSection(SolutionConfigurationPlatforms) = preSolution
		Debug|Any CPU = Debug|Any CPU
		Release|Any CPU = Release|Any CPU
	EndGlobalSection
	GlobalSection(ProjectConfigurationPlatforms) = postSolution
		{C7D28DB5-234A-4FD8-8D84-72ED32C936BA}.Debug|Any CPU.ActiveCfg = Debug|Any CPU
		{C7D28DB5-234A-4FD8-8D84-72ED32C936BA}.Debug|Any CPU.Build.0 = Debug|Any CPU
		{C7D28DB5-234A-4FD8-8D84-72ED32C936BA}.Release|Any CPU.ActiveCfg = Release|Any CPU
		{C7D28DB5-234A-4FD8-8D84-72ED32C936BA}.Release|Any CPU.Build.0 = Release|Any CPU
	EndGlobalSection
	GlobalSection(SolutionProperties) = preSolution
		HideSolutionNode = FALSE
	EndGlobalSection
	GlobalSection(ExtensibilityGlobals) = postSolution
		SolutionGuid = {F13FBE0D-228E-4BA2-8698-F7BFEDE93754}
	EndGlobalSection
EndGlobal
